{
  "nodes": {
    "home-manager": {
      "inputs": {
        "nixpkgs": [
          "issl",
          "nixpkgs"
        ]
      },
      "locked": {
        "lastModified": 1789267039,
        "narHash": "sha256-LWiBv9yAYFi2LPbUhDGHPGKYskJQjj2fw12OlyO1uQo=",
        "owner": "nix-community",
        "repo": "home-manager",
        "rev": "ec172013fa62135f58fb58dd17ae9651e8f39727",
        "type": "github"
      },
      "original": {
        "owner": "nix-community",
        "ref": "release-26.05",
        "repo": "home-manager",
        "type": "github"
      }
    },
    "issl": {
      "inputs": {
        "home-manager": "home-manager",
        "nixpkgs": "nixpkgs"
      },
      "locked": {
        "lastModified": 1789714693,
        "narHash": "sha256-FXY/nnEbj06hQOZaUvMrguntFtYjQmajb4PTNMauGH8=",
        "owner": "ut-issl",
        "repo": "issl-ubuntu-environment-setup",
        "rev": "089f8f8da2627ff345ae2eac1b6da7b3559ada28",
        "type": "github"
      },
      "original": {
        "owner": "ut-issl",
        "ref": "v0.8.10",
        "repo": "issl-ubuntu-environment-setup",
        "type": "github"
      }
    },
    "nixpkgs": {
      "locked": {
        "lastModified": 1789542786,
        "narHash": "sha256-ajQuqcxnj6RYnwCjA/9FTCnrdR2+BDzstE8UembXf60=",
        "owner": "NixOS",
        "repo": "nixpkgs",
        "rev": "4c7870105e7f1fdf9c48688c8d7efc21abf0688a",
        "type": "github"
      },
      "original": {
        "owner": "NixOS",
        "ref": "nixos-26.05",
        "repo": "nixpkgs",
        "type": "github"
      }
    },
    "root": {
      "inputs": {
        "home-manager": [
          "issl",
          "home-manager"
        ],
        "issl": "issl",
        "nixpkgs": [
          "issl",
          "nixpkgs"
        ]
      }
    }
  },
  "root": "root",
  "version": 7
}
