{
  "nodes": {
    "home-manager": {
      "inputs": {
        "nixpkgs": [
          "issl",
          "nixpkgs"
        ]
      },
      "locked": {
        "lastModified": 1781981105,
        "narHash": "sha256-/1nNBbA7PrSQpTc9Qazkhl4kIPg+TNl0CjxS3UQJKlw=",
        "owner": "nix-community",
        "repo": "home-manager",
        "rev": "7bfff44b465909f69a442701293bc0badcf476dc",
        "type": "github"
      },
      "original": {
        "owner": "nix-community",
        "ref": "release-26.05",
        "repo": "home-manager",
        "type": "github"
      }
    },
    "issl": {
      "inputs": {
        "home-manager": "home-manager",
        "nixpkgs": "nixpkgs"
      },
      "locked": {
        "lastModified": 1783579134,
        "narHash": "sha256-MMewpv+KecBAKas+d2HoZPcxW2+n7JGV7jozIE670nw=",
        "owner": "ut-issl",
        "repo": "issl-ubuntu-environment-setup",
        "rev": "88db4b284589b3c1c90be732574631a7ad177e3f",
        "type": "github"
      },
      "original": {
        "owner": "ut-issl",
        "ref": "v0.2.10",
        "repo": "issl-ubuntu-environment-setup",
        "type": "github"
      }
    },
    "nixpkgs": {
      "locked": {
        "lastModified": 1782535326,
        "narHash": "sha256-ZeRxu4yn6shd3SNF5ZUQb4r7BaVo1zBKMjRhfoNSBmw=",
        "owner": "NixOS",
        "repo": "nixpkgs",
        "rev": "714a5f8c4ead6b31148d829288440ed033ccc041",
        "type": "github"
      },
      "original": {
        "owner": "NixOS",
        "ref": "nixos-26.05",
        "repo": "nixpkgs",
        "type": "github"
      }
    },
    "root": {
      "inputs": {
        "home-manager": [
          "issl",
          "home-manager"
        ],
        "issl": "issl",
        "nixpkgs": [
          "issl",
          "nixpkgs"
        ]
      }
    }
  },
  "root": "root",
  "version": 7
}
